{
    "_readme": [
        "This file locks the dependencies of your project to a known state",
        "Read more about it at https://getcomposer.org/doc/01-basic-usage.md#composer-lock-the-lock-file",
        "This file is @generated automatically"
    ],
    "content-hash": "ddf19eac7f87a6540be0681e79c3afbf",
    "packages": [
        {
            "name": "igniteit/arduino-actuators-oo",
            "version": "dev-master",
            "source": {
                "type": "git",
                "url": "https://github.com/edunola13/arduino-actuators-oo.git",
                "reference": "4a904683efeb6d7edf94cb04e5303b532a48216c"
            },
            "dist": {
                "type": "zip",
                "url": "https://api.github.com/repos/edunola13/arduino-actuators-oo/zipball/4a904683efeb6d7edf94cb04e5303b532a48216c",
                "reference": "4a904683efeb6d7edf94cb04e5303b532a48216c",
                "shasum": ""
            },
            "require": {
                "igniteit/arduino-basic-oo": "dev-master"
            },
            "type": "arduino-lib",
            "authors": [
                {
                    "name": "Eduardo Sebastian Nola",
                    "email": "edunola13@hotmail.com",
                    "homepage": "http://www.edunola.com.ar/",
                    "role": "Designer,Developer"
                }
            ],
            "keywords": [
                "Arduino"
            ],
            "support": {
                "source": "https://github.com/edunola13/arduino-actuators-oo/tree/master",
                "issues": "https://github.com/edunola13/arduino-actuators-oo/issues"
            },
            "time": "2018-05-06T02:18:21+00:00"
        },
        {
            "name": "igniteit/arduino-basic-oo",
            "version": "dev-master",
            "source": {
                "type": "git",
                "url": "https://github.com/edunola13/arduino-basic-oo.git",
                "reference": "f7a0248c804b29a9b637a4b1d6c88fd83a63cf96"
            },
            "dist": {
                "type": "zip",
                "url": "https://api.github.com/repos/edunola13/arduino-basic-oo/zipball/f7a0248c804b29a9b637a4b1d6c88fd83a63cf96",
                "reference": "f7a0248c804b29a9b637a4b1d6c88fd83a63cf96",
                "shasum": ""
            },
            "type": "arduino-lib",
            "authors": [
                {
                    "name": "Eduardo Sebastian Nola",
                    "email": "edunola13@hotmail.com",
                    "homepage": "http://www.edunola.com.ar/",
                    "role": "Designer,Developer"
                }
            ],
            "keywords": [
                "Arduino"
            ],
            "support": {
                "source": "https://github.com/edunola13/arduino-basic-oo/tree/master",
                "issues": "https://github.com/edunola13/arduino-basic-oo/issues"
            },
            "time": "2018-05-02T02:09:26+00:00"
        },
        {
            "name": "igniteit/arduino-general-use",
            "version": "dev-master",
            "source": {
                "type": "git",
                "url": "https://github.com/edunola13/arduino-general-use.git",
                "reference": "dbe404abe0173fd0be49bafb1e1c6d8587ceb557"
            },
            "dist": {
                "type": "zip",
                "url": "https://api.github.com/repos/edunola13/arduino-general-use/zipball/dbe404abe0173fd0be49bafb1e1c6d8587ceb557",
                "reference": "dbe404abe0173fd0be49bafb1e1c6d8587ceb557",
                "shasum": ""
            },
            "type": "arduino-lib",
            "authors": [
                {
                    "name": "Eduardo Sebastian Nola",
                    "email": "edunola13@hotmail.com",
                    "homepage": "http://www.edunola.com.ar/",
                    "role": "Designer,Developer"
                }
            ],
            "keywords": [
                "Arduino"
            ],
            "support": {
                "source": "https://github.com/edunola13/arduino-general-use/tree/master",
                "issues": "https://github.com/edunola13/arduino-general-use/issues"
            },
            "time": "2018-05-23T22:21:52+00:00"
        },
        {
            "name": "igniteit/arduino-sensors-oo",
            "version": "dev-master",
            "source": {
                "type": "git",
                "url": "https://github.com/edunola13/arduino-sensors-oo.git",
                "reference": "c15f14a319730752903086d87c1b76b337a1c884"
            },
            "dist": {
                "type": "zip",
                "url": "https://api.github.com/repos/edunola13/arduino-sensors-oo/zipball/c15f14a319730752903086d87c1b76b337a1c884",
                "reference": "c15f14a319730752903086d87c1b76b337a1c884",
                "shasum": ""
            },
            "require": {
                "igniteit/arduino-basic-oo": "dev-master"
            },
            "type": "arduino-lib",
            "authors": [
                {
                    "name": "Eduardo Sebastian Nola",
                    "email": "edunola13@hotmail.com",
                    "homepage": "http://www.edunola.com.ar/",
                    "role": "Designer,Developer"
                }
            ],
            "keywords": [
                "Arduino"
            ],
            "support": {
                "source": "https://github.com/edunola13/arduino-sensors-oo/tree/master",
                "issues": "https://github.com/edunola13/arduino-sensors-oo/issues"
            },
            "time": "2018-05-02T03:00:47+00:00"
        }
    ],
    "packages-dev": [],
    "aliases": [],
    "minimum-stability": "dev",
    "stability-flags": {
        "igniteit/arduino-general-use": 20,
        "igniteit/arduino-sensors-oo": 20,
        "igniteit/arduino-actuators-oo": 20
    },
    "prefer-stable": false,
    "prefer-lowest": false,
    "platform": [],
    "platform-dev": []
}
